{
  "name": "react-multistep",
  "version": "5.1.1",
  "lockfileVersion": 1,
  "requires": true,
  "dependencies": {
    "csstype": {
      "version": "3.0.4",
      "resolved": "https://registry.npmjs.org/csstype/-/csstype-3.0.4.tgz",
      "integrity": "sha512-xc8DUsCLmjvCfoD7LTGE0ou2MIWLx0K9RCZwSHMOdynqRsP4MtUcLeqh1HcQ2dInwDTqn+3CE0/FZh1et+p4jA==",
      "dev": true
    },
    "esbuild": {
      "version": "0.7.19",
      "resolved": "https://registry.npmjs.org/esbuild/-/esbuild-0.7.19.tgz",
      "integrity": "sha512-0Ur8ZtuRPwJMj4+VjRLqn5z88WXf+2etZhe4dBA6eYFcdviQefb+Vrd59cTk0VXg08NU/BnAMkalCMHI8lig/A==",
      "dev": true
    },
    "goober": {
      "version": "2.0.10",
      "resolved": "https://registry.npmjs.org/goober/-/goober-2.0.10.tgz",
      "integrity": "sha512-NoeSBmKmkliRWVh0/LKCbKiH5DcUO9sBy/1C4YKeYBIZiBAftYdrWWfeZW0WVGfNzzANzWnIFuBUb5oqmnLaiw=="
    },
    "js-tokens": {
      "version": "4.0.0",
      "resolved": "https://registry.npmjs.org/js-tokens/-/js-tokens-4.0.0.tgz",
      "integrity": "sha512-RdJUflcE3cUzKiMqQgsCu06FPu9UdIJO0beYbPhHN4k6apgJtifcoCtT9bcxOpYBtpD2kCM6Sbzg4CausW/PKQ==",
      "dev": true
    },
    "loose-envify": {
      "version": "1.4.0",
      "resolved": "https://registry.npmjs.org/loose-envify/-/loose-envify-1.4.0.tgz",
      "integrity": "sha512-lyuxPGr/Wfhrlem2CL/UcnUc1zcqKAImBDzukY7Y5F/yQiNdko6+fRLevlw1HgMySw7f611UIY408EtxRSoK3Q==",
      "dev": true,
      "requires": {
        "js-tokens": "^3.0.0 || ^4.0.0"
      }
    },
    "node-forge": {
      "version": "0.10.0",
      "resolved": "https://registry.npmjs.org/node-forge/-/node-forge-0.10.0.tgz",
      "integrity": "sha512-PPmu8eEeG9saEUvI97fm4OYxXVB6bFvyNTyiUOBichBpFG8A1Ljw3bY62+5oOjDEMHRnd0Y7HQ+x7uzxOzC6JA==",
      "dev": true
    },
    "object-assign": {
      "version": "4.1.1",
      "resolved": "https://registry.npmjs.org/object-assign/-/object-assign-4.1.1.tgz",
      "integrity": "sha1-IQmtx5ZYh8/AXLvUQsrIv7s2CGM=",
      "dev": true
    },
    "react": {
      "version": "17.0.1",
      "resolved": "https://registry.npmjs.org/react/-/react-17.0.1.tgz",
      "integrity": "sha512-lG9c9UuMHdcAexXtigOZLX8exLWkW0Ku29qPRU8uhF2R9BN96dLCt0psvzPLlHc5OWkgymP3qwTRgbnw5BKx3w==",
      "dev": true,
      "requires": {
        "loose-envify": "^1.1.0",
        "object-assign": "^4.1.1"
      }
    }
  }
}
